
Microsoft Visual Studio Solution File, Format Version 12.00
# Visual Studio Version 16
VisualStudioVersion = 16.0.32630.194
MinimumVisualStudioVersion = 10.0.40219.1
Project("{FAE04EC0-301F-11D3-BF4B-00C04F79EFBC}") = "WindowsFormsApp1", "WindowsFormsApp1\WindowsFormsApp1.csproj", "{E1380955-3183-466B-806C-789A08AB5870}"
EndProject
Global
	GlobalSection(SolutionConfigurationPlatforms) = preSolution
		Debug|Any CPU = Debug|Any CPU
		Release|Any CPU = Release|Any CPU
	EndGlobalSection
	GlobalSection(ProjectConfigurationPlatforms) = postSolution
		{E1380955-3183-466B-806C-789A08AB5870}.Debug|Any CPU.ActiveCfg = Debug|Any CPU
		{E1380955-3183-466B-806C-789A08AB5870}.Debug|Any CPU.Build.0 = Debug|Any CPU
		{E1380955-3183-466B-806C-789A08AB5870}.Release|Any CPU.ActiveCfg = Release|Any CPU
		{E1380955-3183-466B-806C-789A08AB5870}.Release|Any CPU.Build.0 = Release|Any CPU
	EndGlobalSection
	GlobalSection(SolutionProperties) = preSolution
		HideSolutionNode = FALSE
	EndGlobalSection
	GlobalSection(ExtensibilityGlobals) = postSolution
		SolutionGuid = {B34353FA-306C-4065-BA9A-BF84D2F22764}
	EndGlobalSection
EndGlobal
